<?xml version="1.0" encoding="UTF-8" standalone="yes" ?>
<CodeBlocks_project_file>
	<FileVersion major="1" minor="6" />
	<Project>
		<Option title="TestCode" />
		<Option pch_mode="2" />
		<Option compiler="gcc" />
		<Build>
			<Target title="Debug">
				<Option output="bin/Debug/TestCode" prefix_auto="1" extension_auto="1" />
				<Option object_output="obj/Debug/" />
				<Option type="1" />
				<Option compiler="gcc" />
				<Compiler>
					<Add option="-g" />
					<Add directory="$(#boost.include)" />
				</Compiler>
				<Linker>
					<Add option="-lws2_32" />
					<Add library="..\..\..\..\..\..\..\boost\boost_1_47_0\stage\lib\libboost_filesystem-mgw47-mt-1_47.a" />
					<Add library="..\..\..\..\..\..\..\boost\boost_1_47_0\stage\lib\libboost_system-mgw47-mt-1_47.a" />
					<Add directory="$(#boost.lib)" />
				</Linker>
			</Target>
			<Target title="Release">
				<Option output="bin/Release/TestCode" prefix_auto="1" extension_auto="1" />
				<Option object_output="obj/Release/" />
				<Option type="1" />
				<Option compiler="gcc" />
				<Compiler>
					<Add option="-O2" />
				</Compiler>
				<Linker>
					<Add option="-s" />
				</Linker>
			</Target>
		</Build>
		<Compiler>
			<Add option="-Wall" />
			<Add option="-fexceptions" />
		</Compiler>
		<Unit filename="TimeoutSerial.cpp" />
		<Unit filename="TimeoutSerial.h" />
		<Unit filename="commandpacket.cpp" />
		<Unit filename="commandpacket.h" />
		<Unit filename="functions.h" />
		<Unit filename="main.cpp" />
		<Unit filename="payloadpacket.cpp" />
		<Unit filename="payloadpacket.h" />
		<Unit filename="response.cpp" />
		<Unit filename="response.h" />
		<Unit filename="serialstream.cpp" />
		<Unit filename="serialstream.h" />
		<Extensions>
			<code_completion />
			<envvars />
			<debugger />
			<lib_finder disable_auto="1" />
			<DoxyBlocks>
				<comment_style block="0" line="0" />
				<doxyfile_project />
				<doxyfile_build />
				<doxyfile_warnings />
				<doxyfile_output />
				<doxyfile_dot />
				<general />
			</DoxyBlocks>
		</Extensions>
	</Project>
</CodeBlocks_project_file>
